// !$*UTF8*$!
{
	archiveVersion = 1;
	classes = {
	};
	objectVersion = 77;
	objects = {

/* Begin PBXBuildFile section */
		6928E62949623A57EFA24752 /* CameraPreviewView.swift in Sources */ = {isa = PBXBuildFile; fileRef = 9E46D46DDA641B213C06EDBA /* CameraPreviewView.swift */; };
		762D2979140A0CAC0213E0D0 /* ContentView.swift in Sources */ = {isa = PBXBuildFile; fileRef = 3BA9C970C114F8016740DF6D /* ContentView.swift */; };
		8BBE10ADC5A7BB64F2E978AC /* BookMasterApp.swift in Sources */ = {isa = PBXBuildFile; fileRef = A77993DDBC5B4D0E2BBA11AC /* BookMasterApp.swift */; };
		CBF839BED91237DBD25733A7 /* BookMasterCore in Frameworks */ = {isa = PBXBuildFile; productRef = 24B1513977D89C91DB9CC6D3 /* BookMasterCore */; };
/* End PBXBuildFile section */

/* Begin PBXFileReference section */
		3BA9C970C114F8016740DF6D /* ContentView.swift */ = {isa = PBXFileReference; lastKnownFileType = sourcecode.swift; path = ContentView.swift; sourceTree = "<group>"; };
		91A268565CCEA3F585B915D0 /* Info.plist */ = {isa = PBXFileReference; lastKnownFileType = text.plist; path = Info.plist; sourceTree = "<group>"; };
		9E46D46DDA641B213C06EDBA /* CameraPreviewView.swift */ = {isa = PBXFileReference; lastKnownFileType = sourcecode.swift; path = CameraPreviewView.swift; sourceTree = "<group>"; };
		A75C44A52A0AB09C18972DE0 /* BookMaster.app */ = {isa = PBXFileReference; explicitFileType = wrapper.application; includeInIndex = 0; path = BookMaster.app; sourceTree = BUILT_PRODUCTS_DIR; };
		A77993DDBC5B4D0E2BBA11AC /* BookMasterApp.swift */ = {isa = PBXFileReference; lastKnownFileType = sourcecode.swift; path = BookMasterApp.swift; sourceTree = "<group>"; };
		D564D4F2674B61B3E9F08061 /* BookMasterApp */ = {isa = PBXFileReference; lastKnownFileType = folder; name = BookMasterApp; path = ../BookMasterApp; sourceTree = SOURCE_ROOT; };
/* End PBXFileReference section */

/* Begin PBXFrameworksBuildPhase section */
		D7C0A5FB8155EC344E83AC7C /* Frameworks */ = {
			isa = PBXFrameworksBuildPhase;
			buildActionMask = 2147483647;
			files = (
				CBF839BED91237DBD25733A7 /* BookMasterCore in Frameworks */,
			);
			runOnlyForDeploymentPostprocessing = 0;
		};
/* End PBXFrameworksBuildPhase section */

/* Begin PBXGroup section */
		52F727A6B9F9ADDE86EADE86 = {
			isa = PBXGroup;
			children = (
				6ADFB0A7ECC290487DD29A2C /* BookMaster */,
				5684033D2F763BBB6CB46938 /* Packages */,
				F069C110E4100414C4BCC4E6 /* Products */,
			);
			sourceTree = "<group>";
		};
		5684033D2F763BBB6CB46938 /* Packages */ = {
			isa = PBXGroup;
			children = (
				D564D4F2674B61B3E9F08061 /* BookMasterApp */,
			);
			name = Packages;
			sourceTree = "<group>";
		};
		6ADFB0A7ECC290487DD29A2C /* BookMaster */ = {
			isa = PBXGroup;
			children = (
				A77993DDBC5B4D0E2BBA11AC /* BookMasterApp.swift */,
				91A268565CCEA3F585B915D0 /* Info.plist */,
				7909E9003B1049360DC5C86A /* Views */,
			);
			path = BookMaster;
			sourceTree = "<group>";
		};
		7909E9003B1049360DC5C86A /* Views */ = {
			isa = PBXGroup;
			children = (
				9E46D46DDA641B213C06EDBA /* CameraPreviewView.swift */,
				3BA9C970C114F8016740DF6D /* ContentView.swift */,
			);
			path = Views;
			sourceTree = "<group>";
		};
		F069C110E4100414C4BCC4E6 /* Products */ = {
			isa = PBXGroup;
			children = (
				A75C44A52A0AB09C18972DE0 /* BookMaster.app */,
			);
			name = Products;
			sourceTree = "<group>";
		};
/* End PBXGroup section */

/* Begin PBXNativeTarget section */
		C39DE864BED1116899ECE246 /* BookMaster */ = {
			isa = PBXNativeTarget;
			buildConfigurationList = 34FAF1C20F5B87506C4C5308 /* Build configuration list for PBXNativeTarget "BookMaster" */;
			buildPhases = (
				241FFDB9C45415B5B96B4789 /* Sources */,
				D7C0A5FB8155EC344E83AC7C /* Frameworks */,
			);
			buildRules = (
			);
			dependencies = (
			);
			name = BookMaster;
			packageProductDependencies = (
				24B1513977D89C91DB9CC6D3 /* BookMasterCore */,
			);
			productName = BookMaster;
			productReference = A75C44A52A0AB09C18972DE0 /* BookMaster.app */;
			productType = "com.apple.product-type.application";
		};
/* End PBXNativeTarget section */

/* Begin PBXProject section */
		9F16555B34FA02B94D918990 /* Project object */ = {
			isa = PBXProject;
			attributes = {
				BuildIndependentTargetsInParallel = YES;
				LastUpgradeCheck = 1430;
				TargetAttributes = {
					C39DE864BED1116899ECE246 = {
						ProvisioningStyle = Automatic;
					};
				};
			};
			buildConfigurationList = 9EC78E6E45E2A909837295D5 /* Build configuration list for PBXProject "BookMaster" */;
			developmentRegion = en;
			hasScannedForEncodings = 0;
			knownRegions = (
				Base,
				en,
			);
			mainGroup = 52F727A6B9F9ADDE86EADE86;
			minimizedProjectReferenceProxies = 1;
			packageReferences = (
				60EAC74088411080A31051F0 /* XCLocalSwiftPackageReference "../BookMasterApp" */,
			);
			preferredProjectObjectVersion = 77;
			productRefGroup = F069C110E4100414C4BCC4E6 /* Products */;
			projectDirPath = "";
			projectRoot = "";
			targets = (
				C39DE864BED1116899ECE246 /* BookMaster */,
			);
		};
/* End PBXProject section */

/* Begin PBXSourcesBuildPhase section */
		241FFDB9C45415B5B96B4789 /* Sources */ = {
			isa = PBXSourcesBuildPhase;
			buildActionMask = 2147483647;
			files = (
				8BBE10ADC5A7BB64F2E978AC /* BookMasterApp.swift in Sources */,
				6928E62949623A57EFA24752 /* CameraPreviewView.swift in Sources */,
				762D2979140A0CAC0213E0D0 /* ContentView.swift in Sources */,
			);
			runOnlyForDeploymentPostprocessing = 0;
		};
/* End PBXSourcesBuildPhase section */

/* Begin XCBuildConfiguration section */
		16F0FF12E099B111407B2376 /* Release */ = {
			isa = XCBuildConfiguration;
			buildSettings = {
				ALWAYS_SEARCH_USER_PATHS = NO;
				CLANG_ANALYZER_NONNULL = YES;
				CLANG_ANALYZER_NUMBER_OBJECT_CONVERSION = YES_AGGRESSIVE;
				CLANG_CXX_LANGUAGE_STANDARD = "gnu++14";
				CLANG_CXX_LIBRARY = "libc++";
				CLANG_ENABLE_MODULES = YES;
				CLANG_ENABLE_OBJC_ARC = YES;
				CLANG_ENABLE_OBJC_WEAK = YES;
				CLANG_WARN_BLOCK_CAPTURE_AUTORELEASING = YES;
				CLANG_WARN_BOOL_CONVERSION = YES;
				CLANG_WARN_COMMA = YES;
				CLANG_WARN_CONSTANT_CONVERSION = YES;
				CLANG_WARN_DEPRECATED_OBJC_IMPLEMENTATIONS = YES;
				CLANG_WARN_DIRECT_OBJC_ISA_USAGE = YES_ERROR;
				CLANG_WARN_DOCUMENTATION_COMMENTS = YES;
				CLANG_WARN_EMPTY_BODY = YES;
				CLANG_WARN_ENUM_CONVERSION = YES;
				CLANG_WARN_INFINITE_RECURSION = YES;
				CLANG_WARN_INT_CONVERSION = YES;
				CLANG_WARN_NON_LITERAL_NULL_CONVERSION = YES;
				CLANG_WARN_OBJC_IMPLICIT_RETAIN_SELF = YES;
				CLANG_WARN_OBJC_LITERAL_CONVERSION = YES;
				CLANG_WARN_OBJC_ROOT_CLASS = YES_ERROR;
				CLANG_WARN_QUOTED_INCLUDE_IN_FRAMEWORK_HEADER = YES;
				CLANG_WARN_RANGE_LOOP_ANALYSIS = YES;
				CLANG_WARN_STRICT_PROTOTYPES = YES;
				CLANG_WARN_SUSPICIOUS_MOVE = YES;
				CLANG_WARN_UNGUARDED_AVAILABILITY = YES_AGGRESSIVE;
				CLANG_WARN_UNREACHABLE_CODE = YES;
				CLANG_WARN__DUPLICATE_METHOD_MATCH = YES;
				COPY_PHASE_STRIP = NO;
				DEBUG_INFORMATION_FORMAT = "dwarf-with-dsym";
				ENABLE_NS_ASSERTIONS = NO;
				ENABLE_STRICT_OBJC_MSGSEND = YES;
				GCC_C_LANGUAGE_STANDARD = gnu11;
				GCC_NO_COMMON_BLOCKS = YES;
				GCC_WARN_64_TO_32_BIT_CONVERSION = YES;
				GCC_WARN_ABOUT_RETURN_TYPE = YES_ERROR;
				GCC_WARN_UNDECLARED_SELECTOR = YES;
				GCC_WARN_UNINITIALIZED_AUTOS = YES_AGGRESSIVE;
				GCC_WARN_UNUSED_FUNCTION = YES;
				GCC_WARN_UNUSED_VARIABLE = YES;
				MACOSX_DEPLOYMENT_TARGET = 13.0;
				MTL_ENABLE_DEBUG_INFO = NO;
				MTL_FAST_MATH = YES;
				PRODUCT_NAME = "$(TARGET_NAME)";
				SDKROOT = macosx;
				SWIFT_COMPILATION_MODE = wholemodule;
				SWIFT_OPTIMIZATION_LEVEL = "-O";
				SWIFT_VERSION = 5.0;
			};
			name = Release;
		};
		42648BA0E668EC624D42487D /* Debug */ = {
			isa = XCBuildConfiguration;
			buildSettings = {
				ALWAYS_SEARCH_USER_PATHS = NO;
				CLANG_ANALYZER_NONNULL = YES;
				CLANG_ANALYZER_NUMBER_OBJECT_CONVERSION = YES_AGGRESSIVE;
				CLANG_CXX_LANGUAGE_STANDARD = "gnu++14";
				CLANG_CXX_LIBRARY = "libc++";
				CLANG_ENABLE_MODULES = YES;
				CLANG_ENABLE_OBJC_ARC = YES;
				CLANG_ENABLE_OBJC_WEAK = YES;
				CLANG_WARN_BLOCK_CAPTURE_AUTORELEASING = YES;
				CLANG_WARN_BOOL_CONVERSION = YES;
				CLANG_WARN_COMMA = YES;
				CLANG_WARN_CONSTANT_CONVERSION = YES;
				CLANG_WARN_DEPRECATED_OBJC_IMPLEMENTATIONS = YES;
				CLANG_WARN_DIRECT_OBJC_ISA_USAGE = YES_ERROR;
				CLANG_WARN_DOCUMENTATION_COMMENTS = YES;
				CLANG_WARN_EMPTY_BODY = YES;
				CLANG_WARN_ENUM_CONVERSION = YES;
				CLANG_WARN_INFINITE_RECURSION = YES;
				CLANG_WARN_INT_CONVERSION = YES;
				CLANG_WARN_NON_LITERAL_NULL_CONVERSION = YES;
				CLANG_WARN_OBJC_IMPLICIT_RETAIN_SELF = YES;
				CLANG_WARN_OBJC_LITERAL_CONVERSION = YES;
				CLANG_WARN_OBJC_ROOT_CLASS = YES_ERROR;
				CLANG_WARN_QUOTED_INCLUDE_IN_FRAMEWORK_HEADER = YES;
				CLANG_WARN_RANGE_LOOP_ANALYSIS = YES;
				CLANG_WARN_STRICT_PROTOTYPES = YES;
				CLANG_WARN_SUSPICIOUS_MOVE = YES;
				CLANG_WARN_UNGUARDED_AVAILABILITY = YES_AGGRESSIVE;
				CLANG_WARN_UNREACHABLE_CODE = YES;
				CLANG_WARN__DUPLICATE_METHOD_MATCH = YES;
				COPY_PHASE_STRIP = NO;
				DEBUG_INFORMATION_FORMAT = dwarf;
				ENABLE_STRICT_OBJC_MSGSEND = YES;
				ENABLE_TESTABILITY = YES;
				GCC_C_LANGUAGE_STANDARD = gnu11;
				GCC_DYNAMIC_NO_PIC = NO;
				GCC_NO_COMMON_BLOCKS = YES;
				GCC_OPTIMIZATION_LEVEL = 0;
				GCC_PREPROCESSOR_DEFINITIONS = (
					"$(inherited)",
					"DEBUG=1",
				);
				GCC_WARN_64_TO_32_BIT_CONVERSION = YES;
				GCC_WARN_ABOUT_RETURN_TYPE = YES_ERROR;
				GCC_WARN_UNDECLARED_SELECTOR = YES;
				GCC_WARN_UNINITIALIZED_AUTOS = YES_AGGRESSIVE;
				GCC_WARN_UNUSED_FUNCTION = YES;
				GCC_WARN_UNUSED_VARIABLE = YES;
				MACOSX_DEPLOYMENT_TARGET = 13.0;
				MTL_ENABLE_DEBUG_INFO = INCLUDE_SOURCE;
				MTL_FAST_MATH = YES;
				ONLY_ACTIVE_ARCH = YES;
				PRODUCT_NAME = "$(TARGET_NAME)";
				SDKROOT = macosx;
				SWIFT_ACTIVE_COMPILATION_CONDITIONS = DEBUG;
				SWIFT_OPTIMIZATION_LEVEL = "-Onone";
				SWIFT_VERSION = 5.0;
			};
			name = Debug;
		};
		72E3815FD1F5D30C693728F0 /* Debug */ = {
			isa = XCBuildConfiguration;
			buildSettings = {
				ASSETCATALOG_COMPILER_APPICON_NAME = AppIcon;
				CODE_SIGN_STYLE = Automatic;
				COMBINE_HIDPI_IMAGES = YES;
				CURRENT_PROJECT_VERSION = 1;
				ENABLE_HARDENED_RUNTIME = NO;
				INFOPLIST_FILE = BookMaster/Info.plist;
				LD_RUNPATH_SEARCH_PATHS = (
					"$(inherited)",
					"@executable_path/../Frameworks",
				);
				MACOSX_DEPLOYMENT_TARGET = 13.0;
				MARKETING_VERSION = 0.1.0;
				PRODUCT_BUNDLE_IDENTIFIER = co.uk.voxblock.bookmaster;
				SDKROOT = macosx;
				SWIFT_VERSION = 5.0;
			};
			name = Debug;
		};
		C94C2B7B8EDA7F4D460F63A4 /* Release */ = {
			isa = XCBuildConfiguration;
			buildSettings = {
				ASSETCATALOG_COMPILER_APPICON_NAME = AppIcon;
				CODE_SIGN_STYLE = Automatic;
				COMBINE_HIDPI_IMAGES = YES;
				CURRENT_PROJECT_VERSION = 1;
				ENABLE_HARDENED_RUNTIME = NO;
				INFOPLIST_FILE = BookMaster/Info.plist;
				LD_RUNPATH_SEARCH_PATHS = (
					"$(inherited)",
					"@executable_path/../Frameworks",
				);
				MACOSX_DEPLOYMENT_TARGET = 13.0;
				MARKETING_VERSION = 0.1.0;
				PRODUCT_BUNDLE_IDENTIFIER = co.uk.voxblock.bookmaster;
				SDKROOT = macosx;
				SWIFT_VERSION = 5.0;
			};
			name = Release;
		};
/* End XCBuildConfiguration section */

/* Begin XCConfigurationList section */
		34FAF1C20F5B87506C4C5308 /* Build configuration list for PBXNativeTarget "BookMaster" */ = {
			isa = XCConfigurationList;
			buildConfigurations = (
				72E3815FD1F5D30C693728F0 /* Debug */,
				C94C2B7B8EDA7F4D460F63A4 /* Release */,
			);
			defaultConfigurationIsVisible = 0;
			defaultConfigurationName = Debug;
		};
		9EC78E6E45E2A909837295D5 /* Build configuration list for PBXProject "BookMaster" */ = {
			isa = XCConfigurationList;
			buildConfigurations = (
				42648BA0E668EC624D42487D /* Debug */,
				16F0FF12E099B111407B2376 /* Release */,
			);
			defaultConfigurationIsVisible = 0;
			defaultConfigurationName = Debug;
		};
/* End XCConfigurationList section */

/* Begin XCLocalSwiftPackageReference section */
		60EAC74088411080A31051F0 /* XCLocalSwiftPackageReference "../BookMasterApp" */ = {
			isa = XCLocalSwiftPackageReference;
			relativePath = ../BookMasterApp;
		};
/* End XCLocalSwiftPackageReference section */

/* Begin XCSwiftPackageProductDependency section */
		24B1513977D89C91DB9CC6D3 /* BookMasterCore */ = {
			isa = XCSwiftPackageProductDependency;
			productName = BookMasterCore;
		};
/* End XCSwiftPackageProductDependency section */
	};
	rootObject = 9F16555B34FA02B94D918990 /* Project object */;
}
